{
  "name": "Atividade I",
  "lockfileVersion": 2,
  "requires": true,
  "packages": {
    "": {
      "dependencies": {
        "file-system": "^1.2.2",
        "fs": "^0.0.1-security"
      }
    },
    "node_modules/file-system": {
      "version": "1.2.2",
      "resolved": "https://registry.npmjs.org/file-system/-/file-system-1.2.2.tgz",
      "integrity": "sha1-fCyMI92kfgzhAje9sYdY97Qo07Q="
    },
    "node_modules/fs": {
      "version": "0.0.1-security",
      "resolved": "https://registry.npmjs.org/fs/-/fs-0.0.1-security.tgz",
      "integrity": "sha1-invTcYa23d84E/I4WLV+yq9eQdQ="
    }
  },
  "dependencies": {
    "file-system": {
      "version": "1.2.2",
      "resolved": "https://registry.npmjs.org/file-system/-/file-system-1.2.2.tgz",
      "integrity": "sha1-fCyMI92kfgzhAje9sYdY97Qo07Q="
    },
    "fs": {
      "version": "0.0.1-security",
      "resolved": "https://registry.npmjs.org/fs/-/fs-0.0.1-security.tgz",
      "integrity": "sha1-invTcYa23d84E/I4WLV+yq9eQdQ="
    }
  }
}
